
Microsoft Visual Studio Solution File, Format Version 12.00
# Visual Studio Version 16
VisualStudioVersion = 16.0.32106.194
MinimumVisualStudioVersion = 10.0.40219.1
Project("{FAE04EC0-301F-11D3-BF4B-00C04F79EFBC}") = "CS-GridGame-Team5", "CS-GridGame-Team5.csproj", "{2AE8B4D0-B594-4085-83E8-2EFCB8692672}"
	ProjectSection(ProjectDependencies) = postProject
		{8EA9131E-3667-4E99-A26E-67BBD1A3ACD5} = {8EA9131E-3667-4E99-A26E-67BBD1A3ACD5}
	EndProjectSection
EndProject
Project("{FAE04EC0-301F-11D3-BF4B-00C04F79EFBC}") = "CalculateDamageDLL", "DLL Workspace\CalculateDamageDLL\CalculateDamageDLL.csproj", "{8EA9131E-3667-4E99-A26E-67BBD1A3ACD5}"
EndProject
Global
	GlobalSection(SolutionConfigurationPlatforms) = preSolution
		Debug|Any CPU = Debug|Any CPU
		Debug|x64 = Debug|x64
		Debug|x86 = Debug|x86
		Release|Any CPU = Release|Any CPU
		Release|x64 = Release|x64
		Release|x86 = Release|x86
	EndGlobalSection
	GlobalSection(ProjectConfigurationPlatforms) = postSolution
		{2AE8B4D0-B594-4085-83E8-2EFCB8692672}.Debug|Any CPU.ActiveCfg = Debug|Any CPU
		{2AE8B4D0-B594-4085-83E8-2EFCB8692672}.Debug|Any CPU.Build.0 = Debug|Any CPU
		{2AE8B4D0-B594-4085-83E8-2EFCB8692672}.Debug|x64.ActiveCfg = Debug|Any CPU
		{2AE8B4D0-B594-4085-83E8-2EFCB8692672}.Debug|x64.Build.0 = Debug|Any CPU
		{2AE8B4D0-B594-4085-83E8-2EFCB8692672}.Debug|x86.ActiveCfg = Debug|Any CPU
		{2AE8B4D0-B594-4085-83E8-2EFCB8692672}.Debug|x86.Build.0 = Debug|Any CPU
		{2AE8B4D0-B594-4085-83E8-2EFCB8692672}.Release|Any CPU.ActiveCfg = Release|Any CPU
		{2AE8B4D0-B594-4085-83E8-2EFCB8692672}.Release|Any CPU.Build.0 = Release|Any CPU
		{2AE8B4D0-B594-4085-83E8-2EFCB8692672}.Release|x64.ActiveCfg = Release|Any CPU
		{2AE8B4D0-B594-4085-83E8-2EFCB8692672}.Release|x64.Build.0 = Release|Any CPU
		{2AE8B4D0-B594-4085-83E8-2EFCB8692672}.Release|x86.ActiveCfg = Release|Any CPU
		{2AE8B4D0-B594-4085-83E8-2EFCB8692672}.Release|x86.Build.0 = Release|Any CPU
		{8EA9131E-3667-4E99-A26E-67BBD1A3ACD5}.Debug|Any CPU.ActiveCfg = Debug|Any CPU
		{8EA9131E-3667-4E99-A26E-67BBD1A3ACD5}.Debug|Any CPU.Build.0 = Debug|Any CPU
		{8EA9131E-3667-4E99-A26E-67BBD1A3ACD5}.Debug|x64.ActiveCfg = Debug|Any CPU
		{8EA9131E-3667-4E99-A26E-67BBD1A3ACD5}.Debug|x64.Build.0 = Debug|Any CPU
		{8EA9131E-3667-4E99-A26E-67BBD1A3ACD5}.Debug|x86.ActiveCfg = Debug|Any CPU
		{8EA9131E-3667-4E99-A26E-67BBD1A3ACD5}.Debug|x86.Build.0 = Debug|Any CPU
		{8EA9131E-3667-4E99-A26E-67BBD1A3ACD5}.Release|Any CPU.ActiveCfg = Release|Any CPU
		{8EA9131E-3667-4E99-A26E-67BBD1A3ACD5}.Release|Any CPU.Build.0 = Release|Any CPU
		{8EA9131E-3667-4E99-A26E-67BBD1A3ACD5}.Release|x64.ActiveCfg = Release|Any CPU
		{8EA9131E-3667-4E99-A26E-67BBD1A3ACD5}.Release|x64.Build.0 = Release|Any CPU
		{8EA9131E-3667-4E99-A26E-67BBD1A3ACD5}.Release|x86.ActiveCfg = Release|Any CPU
		{8EA9131E-3667-4E99-A26E-67BBD1A3ACD5}.Release|x86.Build.0 = Release|Any CPU
	EndGlobalSection
	GlobalSection(SolutionProperties) = preSolution
		HideSolutionNode = FALSE
	EndGlobalSection
	GlobalSection(ExtensibilityGlobals) = postSolution
		SolutionGuid = {7F9566D4-BFE0-460A-A0E3-4F0DDD1E6CD8}
	EndGlobalSection
EndGlobal
